// !$*UTF8*$!
{
	archiveVersion = 1;
	classes = {
	};
	objectVersion = 50;
	objects = {

/* Begin PBXBuildFile section */
		27223ED124376C7D001F6DB6 /* UserData.swift in Sources */ = {isa = PBXBuildFile; fileRef = 27223ED024376C7D001F6DB6 /* UserData.swift */; };
		27B1A54C2435C96700B6CD29 /* AppDelegate.swift in Sources */ = {isa = PBXBuildFile; fileRef = 27B1A54B2435C96700B6CD29 /* AppDelegate.swift */; };
		27B1A54E2435C96700B6CD29 /* SceneDelegate.swift in Sources */ = {isa = PBXBuildFile; fileRef = 27B1A54D2435C96700B6CD29 /* SceneDelegate.swift */; };
		27B1A5502435C96700B6CD29 /* LandmarkDetail.swift in Sources */ = {isa = PBXBuildFile; fileRef = 27B1A54F2435C96700B6CD29 /* LandmarkDetail.swift */; };
		27B1A5522435C96900B6CD29 /* Assets.xcassets in Resources */ = {isa = PBXBuildFile; fileRef = 27B1A5512435C96900B6CD29 /* Assets.xcassets */; };
		27B1A5552435C96900B6CD29 /* Preview Assets.xcassets in Resources */ = {isa = PBXBuildFile; fileRef = 27B1A5542435C96900B6CD29 /* Preview Assets.xcassets */; };
		27B1A5582435C96900B6CD29 /* LaunchScreen.storyboard in Resources */ = {isa = PBXBuildFile; fileRef = 27B1A5562435C96900B6CD29 /* LaunchScreen.storyboard */; };
		27B1A5632435C96900B6CD29 /* DemoSwiftUITests.swift in Sources */ = {isa = PBXBuildFile; fileRef = 27B1A5622435C96900B6CD29 /* DemoSwiftUITests.swift */; };
		27B1A56E2435C96900B6CD29 /* DemoSwiftUIUITests.swift in Sources */ = {isa = PBXBuildFile; fileRef = 27B1A56D2435C96900B6CD29 /* DemoSwiftUIUITests.swift */; };
		27B1A57C2435CC8D00B6CD29 /* CircleImage.swift in Sources */ = {isa = PBXBuildFile; fileRef = 27B1A57B2435CC8D00B6CD29 /* CircleImage.swift */; };
		27B1A57E2435CD3900B6CD29 /* MapView.swift in Sources */ = {isa = PBXBuildFile; fileRef = 27B1A57D2435CD3900B6CD29 /* MapView.swift */; };
		27B1A5812435D5A300B6CD29 /* MapKit.framework in Frameworks */ = {isa = PBXBuildFile; fileRef = 27B1A5802435D5A300B6CD29 /* MapKit.framework */; };
		27B1A59024361E6400B6CD29 /* chincoteague.jpg in Resources */ = {isa = PBXBuildFile; fileRef = 27B1A58324361E6300B6CD29 /* chincoteague.jpg */; };
		27B1A59124361E6400B6CD29 /* landmarkData.json in Resources */ = {isa = PBXBuildFile; fileRef = 27B1A58424361E6300B6CD29 /* landmarkData.json */; };
		27B1A59224361E6400B6CD29 /* stmarylake.jpg in Resources */ = {isa = PBXBuildFile; fileRef = 27B1A58524361E6300B6CD29 /* stmarylake.jpg */; };
		27B1A59324361E6400B6CD29 /* rainbowlake.jpg in Resources */ = {isa = PBXBuildFile; fileRef = 27B1A58624361E6300B6CD29 /* rainbowlake.jpg */; };
		27B1A59424361E6400B6CD29 /* turtlerock.jpg in Resources */ = {isa = PBXBuildFile; fileRef = 27B1A58724361E6300B6CD29 /* turtlerock.jpg */; };
		27B1A59524361E6400B6CD29 /* yukon_charleyrivers.jpg in Resources */ = {isa = PBXBuildFile; fileRef = 27B1A58824361E6300B6CD29 /* yukon_charleyrivers.jpg */; };
		27B1A59624361E6400B6CD29 /* twinlake.jpg in Resources */ = {isa = PBXBuildFile; fileRef = 27B1A58924361E6300B6CD29 /* twinlake.jpg */; };
		27B1A59724361E6400B6CD29 /* umbagog.jpg in Resources */ = {isa = PBXBuildFile; fileRef = 27B1A58A24361E6400B6CD29 /* umbagog.jpg */; };
		27B1A59824361E6400B6CD29 /* hiddenlake.jpg in Resources */ = {isa = PBXBuildFile; fileRef = 27B1A58B24361E6400B6CD29 /* hiddenlake.jpg */; };
		27B1A59924361E6400B6CD29 /* lakemcdonald.jpg in Resources */ = {isa = PBXBuildFile; fileRef = 27B1A58C24361E6400B6CD29 /* lakemcdonald.jpg */; };
		27B1A59A24361E6400B6CD29 /* chilkoottrail.jpg in Resources */ = {isa = PBXBuildFile; fileRef = 27B1A58D24361E6400B6CD29 /* chilkoottrail.jpg */; };
		27B1A59B24361E6400B6CD29 /* icybay.jpg in Resources */ = {isa = PBXBuildFile; fileRef = 27B1A58E24361E6400B6CD29 /* icybay.jpg */; };
		27B1A59C24361E6400B6CD29 /* silversalmoncreek.jpg in Resources */ = {isa = PBXBuildFile; fileRef = 27B1A58F24361E6400B6CD29 /* silversalmoncreek.jpg */; };
		27B1A59E24361F5100B6CD29 /* LandmarkRow.swift in Sources */ = {isa = PBXBuildFile; fileRef = 27B1A59D24361F5100B6CD29 /* LandmarkRow.swift */; };
		27B1A5A124361F9100B6CD29 /* Data.swift in Sources */ = {isa = PBXBuildFile; fileRef = 27B1A5A024361F9100B6CD29 /* Data.swift */; };
		27B1A5A324361FA900B6CD29 /* Landmark.swift in Sources */ = {isa = PBXBuildFile; fileRef = 27B1A5A224361FA900B6CD29 /* Landmark.swift */; };
		27B1A5A52436232B00B6CD29 /* LandmarkList.swift in Sources */ = {isa = PBXBuildFile; fileRef = 27B1A5A42436232B00B6CD29 /* LandmarkList.swift */; };
/* End PBXBuildFile section */

/* Begin PBXContainerItemProxy section */
		27B1A55F2435C96900B6CD29 /* PBXContainerItemProxy */ = {
			isa = PBXContainerItemProxy;
			containerPortal = 27B1A5402435C96700B6CD29 /* Project object */;
			proxyType = 1;
			remoteGlobalIDString = 27B1A5472435C96700B6CD29;
			remoteInfo = DemoSwiftUI;
		};
		27B1A56A2435C96900B6CD29 /* PBXContainerItemProxy */ = {
			isa = PBXContainerItemProxy;
			containerPortal = 27B1A5402435C96700B6CD29 /* Project object */;
			proxyType = 1;
			remoteGlobalIDString = 27B1A5472435C96700B6CD29;
			remoteInfo = DemoSwiftUI;
		};
/* End PBXContainerItemProxy section */

/* Begin PBXFileReference section */
		27223ED024376C7D001F6DB6 /* UserData.swift */ = {isa = PBXFileReference; lastKnownFileType = sourcecode.swift; path = UserData.swift; sourceTree = "<group>"; };
		27B1A5482435C96700B6CD29 /* DemoSwiftUI.app */ = {isa = PBXFileReference; explicitFileType = wrapper.application; includeInIndex = 0; path = DemoSwiftUI.app; sourceTree = BUILT_PRODUCTS_DIR; };
		27B1A54B2435C96700B6CD29 /* AppDelegate.swift */ = {isa = PBXFileReference; lastKnownFileType = sourcecode.swift; path = AppDelegate.swift; sourceTree = "<group>"; };
		27B1A54D2435C96700B6CD29 /* SceneDelegate.swift */ = {isa = PBXFileReference; lastKnownFileType = sourcecode.swift; path = SceneDelegate.swift; sourceTree = "<group>"; };
		27B1A54F2435C96700B6CD29 /* LandmarkDetail.swift */ = {isa = PBXFileReference; lastKnownFileType = sourcecode.swift; path = LandmarkDetail.swift; sourceTree = "<group>"; };
		27B1A5512435C96900B6CD29 /* Assets.xcassets */ = {isa = PBXFileReference; lastKnownFileType = folder.assetcatalog; path = Assets.xcassets; sourceTree = "<group>"; };
		27B1A5542435C96900B6CD29 /* Preview Assets.xcassets */ = {isa = PBXFileReference; lastKnownFileType = folder.assetcatalog; path = "Preview Assets.xcassets"; sourceTree = "<group>"; };
		27B1A5572435C96900B6CD29 /* Base */ = {isa = PBXFileReference; lastKnownFileType = file.storyboard; name = Base; path = Base.lproj/LaunchScreen.storyboard; sourceTree = "<group>"; };
		27B1A5592435C96900B6CD29 /* Info.plist */ = {isa = PBXFileReference; lastKnownFileType = text.plist.xml; path = Info.plist; sourceTree = "<group>"; };
		27B1A55E2435C96900B6CD29 /* DemoSwiftUITests.xctest */ = {isa = PBXFileReference; explicitFileType = wrapper.cfbundle; includeInIndex = 0; path = DemoSwiftUITests.xctest; sourceTree = BUILT_PRODUCTS_DIR; };
		27B1A5622435C96900B6CD29 /* DemoSwiftUITests.swift */ = {isa = PBXFileReference; lastKnownFileType = sourcecode.swift; path = DemoSwiftUITests.swift; sourceTree = "<group>"; };
		27B1A5642435C96900B6CD29 /* Info.plist */ = {isa = PBXFileReference; lastKnownFileType = text.plist.xml; path = Info.plist; sourceTree = "<group>"; };
		27B1A5692435C96900B6CD29 /* DemoSwiftUIUITests.xctest */ = {isa = PBXFileReference; explicitFileType = wrapper.cfbundle; includeInIndex = 0; path = DemoSwiftUIUITests.xctest; sourceTree = BUILT_PRODUCTS_DIR; };
		27B1A56D2435C96900B6CD29 /* DemoSwiftUIUITests.swift */ = {isa = PBXFileReference; lastKnownFileType = sourcecode.swift; path = DemoSwiftUIUITests.swift; sourceTree = "<group>"; };
		27B1A56F2435C96900B6CD29 /* Info.plist */ = {isa = PBXFileReference; lastKnownFileType = text.plist.xml; path = Info.plist; sourceTree = "<group>"; };
		27B1A57B2435CC8D00B6CD29 /* CircleImage.swift */ = {isa = PBXFileReference; lastKnownFileType = sourcecode.swift; path = CircleImage.swift; sourceTree = "<group>"; };
		27B1A57D2435CD3900B6CD29 /* MapView.swift */ = {isa = PBXFileReference; lastKnownFileType = sourcecode.swift; path = MapView.swift; sourceTree = "<group>"; };
		27B1A5802435D5A300B6CD29 /* MapKit.framework */ = {isa = PBXFileReference; lastKnownFileType = wrapper.framework; name = MapKit.framework; path = System/Library/Frameworks/MapKit.framework; sourceTree = SDKROOT; };
		27B1A58324361E6300B6CD29 /* chincoteague.jpg */ = {isa = PBXFileReference; lastKnownFileType = image.jpeg; path = chincoteague.jpg; sourceTree = "<group>"; };
		27B1A58424361E6300B6CD29 /* landmarkData.json */ = {isa = PBXFileReference; fileEncoding = 4; lastKnownFileType = text.json; path = landmarkData.json; sourceTree = "<group>"; };
		27B1A58524361E6300B6CD29 /* stmarylake.jpg */ = {isa = PBXFileReference; lastKnownFileType = image.jpeg; path = stmarylake.jpg; sourceTree = "<group>"; };
		27B1A58624361E6300B6CD29 /* rainbowlake.jpg */ = {isa = PBXFileReference; lastKnownFileType = image.jpeg; path = rainbowlake.jpg; sourceTree = "<group>"; };
		27B1A58724361E6300B6CD29 /* turtlerock.jpg */ = {isa = PBXFileReference; lastKnownFileType = image.jpeg; path = turtlerock.jpg; sourceTree = "<group>"; };
		27B1A58824361E6300B6CD29 /* yukon_charleyrivers.jpg */ = {isa = PBXFileReference; lastKnownFileType = image.jpeg; path = yukon_charleyrivers.jpg; sourceTree = "<group>"; };
		27B1A58924361E6300B6CD29 /* twinlake.jpg */ = {isa = PBXFileReference; lastKnownFileType = image.jpeg; path = twinlake.jpg; sourceTree = "<group>"; };
		27B1A58A24361E6400B6CD29 /* umbagog.jpg */ = {isa = PBXFileReference; lastKnownFileType = image.jpeg; path = umbagog.jpg; sourceTree = "<group>"; };
		27B1A58B24361E6400B6CD29 /* hiddenlake.jpg */ = {isa = PBXFileReference; lastKnownFileType = image.jpeg; path = hiddenlake.jpg; sourceTree = "<group>"; };
		27B1A58C24361E6400B6CD29 /* lakemcdonald.jpg */ = {isa = PBXFileReference; lastKnownFileType = image.jpeg; path = lakemcdonald.jpg; sourceTree = "<group>"; };
		27B1A58D24361E6400B6CD29 /* chilkoottrail.jpg */ = {isa = PBXFileReference; lastKnownFileType = image.jpeg; path = chilkoottrail.jpg; sourceTree = "<group>"; };
		27B1A58E24361E6400B6CD29 /* icybay.jpg */ = {isa = PBXFileReference; lastKnownFileType = image.jpeg; path = icybay.jpg; sourceTree = "<group>"; };
		27B1A58F24361E6400B6CD29 /* silversalmoncreek.jpg */ = {isa = PBXFileReference; lastKnownFileType = image.jpeg; path = silversalmoncreek.jpg; sourceTree = "<group>"; };
		27B1A59D24361F5100B6CD29 /* LandmarkRow.swift */ = {isa = PBXFileReference; lastKnownFileType = sourcecode.swift; path = LandmarkRow.swift; sourceTree = "<group>"; };
		27B1A5A024361F9100B6CD29 /* Data.swift */ = {isa = PBXFileReference; lastKnownFileType = sourcecode.swift; path = Data.swift; sourceTree = "<group>"; };
		27B1A5A224361FA900B6CD29 /* Landmark.swift */ = {isa = PBXFileReference; lastKnownFileType = sourcecode.swift; path = Landmark.swift; sourceTree = "<group>"; };
		27B1A5A42436232B00B6CD29 /* LandmarkList.swift */ = {isa = PBXFileReference; lastKnownFileType = sourcecode.swift; path = LandmarkList.swift; sourceTree = "<group>"; };
/* End PBXFileReference section */

/* Begin PBXFrameworksBuildPhase section */
		27B1A5452435C96700B6CD29 /* Frameworks */ = {
			isa = PBXFrameworksBuildPhase;
			buildActionMask = 2147483647;
			files = (
				27B1A5812435D5A300B6CD29 /* MapKit.framework in Frameworks */,
			);
			runOnlyForDeploymentPostprocessing = 0;
		};
		27B1A55B2435C96900B6CD29 /* Frameworks */ = {
			isa = PBXFrameworksBuildPhase;
			buildActionMask = 2147483647;
			files = (
			);
			runOnlyForDeploymentPostprocessing = 0;
		};
		27B1A5662435C96900B6CD29 /* Frameworks */ = {
			isa = PBXFrameworksBuildPhase;
			buildActionMask = 2147483647;
			files = (
			);
			runOnlyForDeploymentPostprocessing = 0;
		};
/* End PBXFrameworksBuildPhase section */

/* Begin PBXGroup section */
		27B1A53F2435C96700B6CD29 = {
			isa = PBXGroup;
			children = (
				27B1A58224361E2F00B6CD29 /* Resources */,
				27B1A54A2435C96700B6CD29 /* DemoSwiftUI */,
				27B1A5612435C96900B6CD29 /* DemoSwiftUITests */,
				27B1A56C2435C96900B6CD29 /* DemoSwiftUIUITests */,
				27B1A5492435C96700B6CD29 /* Products */,
				27B1A57F2435D5A300B6CD29 /* Frameworks */,
			);
			sourceTree = "<group>";
		};
		27B1A5492435C96700B6CD29 /* Products */ = {
			isa = PBXGroup;
			children = (
				27B1A5482435C96700B6CD29 /* DemoSwiftUI.app */,
				27B1A55E2435C96900B6CD29 /* DemoSwiftUITests.xctest */,
				27B1A5692435C96900B6CD29 /* DemoSwiftUIUITests.xctest */,
			);
			name = Products;
			sourceTree = "<group>";
		};
		27B1A54A2435C96700B6CD29 /* DemoSwiftUI */ = {
			isa = PBXGroup;
			children = (
				27B1A59F24361F6800B6CD29 /* Model */,
				27B1A54B2435C96700B6CD29 /* AppDelegate.swift */,
				27B1A54D2435C96700B6CD29 /* SceneDelegate.swift */,
				27B1A5A42436232B00B6CD29 /* LandmarkList.swift */,
				27B1A59D24361F5100B6CD29 /* LandmarkRow.swift */,
				27B1A54F2435C96700B6CD29 /* LandmarkDetail.swift */,
				27B1A5512435C96900B6CD29 /* Assets.xcassets */,
				27B1A57B2435CC8D00B6CD29 /* CircleImage.swift */,
				27B1A57D2435CD3900B6CD29 /* MapView.swift */,
				27B1A5562435C96900B6CD29 /* LaunchScreen.storyboard */,
				27B1A5592435C96900B6CD29 /* Info.plist */,
				27B1A5532435C96900B6CD29 /* Preview Content */,
			);
			path = DemoSwiftUI;
			sourceTree = "<group>";
		};
		27B1A5532435C96900B6CD29 /* Preview Content */ = {
			isa = PBXGroup;
			children = (
				27B1A5542435C96900B6CD29 /* Preview Assets.xcassets */,
			);
			path = "Preview Content";
			sourceTree = "<group>";
		};
		27B1A5612435C96900B6CD29 /* DemoSwiftUITests */ = {
			isa = PBXGroup;
			children = (
				27B1A5622435C96900B6CD29 /* DemoSwiftUITests.swift */,
				27B1A5642435C96900B6CD29 /* Info.plist */,
			);
			path = DemoSwiftUITests;
			sourceTree = "<group>";
		};
		27B1A56C2435C96900B6CD29 /* DemoSwiftUIUITests */ = {
			isa = PBXGroup;
			children = (
				27B1A56D2435C96900B6CD29 /* DemoSwiftUIUITests.swift */,
				27B1A56F2435C96900B6CD29 /* Info.plist */,
			);
			path = DemoSwiftUIUITests;
			sourceTree = "<group>";
		};
		27B1A57F2435D5A300B6CD29 /* Frameworks */ = {
			isa = PBXGroup;
			children = (
				27B1A5802435D5A300B6CD29 /* MapKit.framework */,
			);
			name = Frameworks;
			sourceTree = "<group>";
		};
		27B1A58224361E2F00B6CD29 /* Resources */ = {
			isa = PBXGroup;
			children = (
				27B1A58D24361E6400B6CD29 /* chilkoottrail.jpg */,
				27B1A58324361E6300B6CD29 /* chincoteague.jpg */,
				27B1A58B24361E6400B6CD29 /* hiddenlake.jpg */,
				27B1A58E24361E6400B6CD29 /* icybay.jpg */,
				27B1A58C24361E6400B6CD29 /* lakemcdonald.jpg */,
				27B1A58424361E6300B6CD29 /* landmarkData.json */,
				27B1A58624361E6300B6CD29 /* rainbowlake.jpg */,
				27B1A58F24361E6400B6CD29 /* silversalmoncreek.jpg */,
				27B1A58524361E6300B6CD29 /* stmarylake.jpg */,
				27B1A58724361E6300B6CD29 /* turtlerock.jpg */,
				27B1A58924361E6300B6CD29 /* twinlake.jpg */,
				27B1A58A24361E6400B6CD29 /* umbagog.jpg */,
				27B1A58824361E6300B6CD29 /* yukon_charleyrivers.jpg */,
			);
			path = Resources;
			sourceTree = "<group>";
		};
		27B1A59F24361F6800B6CD29 /* Model */ = {
			isa = PBXGroup;
			children = (
				27B1A5A024361F9100B6CD29 /* Data.swift */,
				27B1A5A224361FA900B6CD29 /* Landmark.swift */,
				27223ED024376C7D001F6DB6 /* UserData.swift */,
			);
			path = Model;
			sourceTree = "<group>";
		};
/* End PBXGroup section */

/* Begin PBXNativeTarget section */
		27B1A5472435C96700B6CD29 /* DemoSwiftUI */ = {
			isa = PBXNativeTarget;
			buildConfigurationList = 27B1A5722435C96900B6CD29 /* Build configuration list for PBXNativeTarget "DemoSwiftUI" */;
			buildPhases = (
				27B1A5442435C96700B6CD29 /* Sources */,
				27B1A5452435C96700B6CD29 /* Frameworks */,
				27B1A5462435C96700B6CD29 /* Resources */,
			);
			buildRules = (
			);
			dependencies = (
			);
			name = DemoSwiftUI;
			productName = DemoSwiftUI;
			productReference = 27B1A5482435C96700B6CD29 /* DemoSwiftUI.app */;
			productType = "com.apple.product-type.application";
		};
		27B1A55D2435C96900B6CD29 /* DemoSwiftUITests */ = {
			isa = PBXNativeTarget;
			buildConfigurationList = 27B1A5752435C96900B6CD29 /* Build configuration list for PBXNativeTarget "DemoSwiftUITests" */;
			buildPhases = (
				27B1A55A2435C96900B6CD29 /* Sources */,
				27B1A55B2435C96900B6CD29 /* Frameworks */,
				27B1A55C2435C96900B6CD29 /* Resources */,
			);
			buildRules = (
			);
			dependencies = (
				27B1A5602435C96900B6CD29 /* PBXTargetDependency */,
			);
			name = DemoSwiftUITests;
			productName = DemoSwiftUITests;
			productReference = 27B1A55E2435C96900B6CD29 /* DemoSwiftUITests.xctest */;
			productType = "com.apple.product-type.bundle.unit-test";
		};
		27B1A5682435C96900B6CD29 /* DemoSwiftUIUITests */ = {
			isa = PBXNativeTarget;
			buildConfigurationList = 27B1A5782435C96900B6CD29 /* Build configuration list for PBXNativeTarget "DemoSwiftUIUITests" */;
			buildPhases = (
				27B1A5652435C96900B6CD29 /* Sources */,
				27B1A5662435C96900B6CD29 /* Frameworks */,
				27B1A5672435C96900B6CD29 /* Resources */,
			);
			buildRules = (
			);
			dependencies = (
				27B1A56B2435C96900B6CD29 /* PBXTargetDependency */,
			);
			name = DemoSwiftUIUITests;
			productName = DemoSwiftUIUITests;
			productReference = 27B1A5692435C96900B6CD29 /* DemoSwiftUIUITests.xctest */;
			productType = "com.apple.product-type.bundle.ui-testing";
		};
/* End PBXNativeTarget section */

/* Begin PBXProject section */
		27B1A5402435C96700B6CD29 /* Project object */ = {
			isa = PBXProject;
			attributes = {
				LastSwiftUpdateCheck = 1140;
				LastUpgradeCheck = 1140;
				ORGANIZATIONNAME = "Loc Nguyen";
				TargetAttributes = {
					27B1A5472435C96700B6CD29 = {
						CreatedOnToolsVersion = 11.4;
					};
					27B1A55D2435C96900B6CD29 = {
						CreatedOnToolsVersion = 11.4;
						TestTargetID = 27B1A5472435C96700B6CD29;
					};
					27B1A5682435C96900B6CD29 = {
						CreatedOnToolsVersion = 11.4;
						TestTargetID = 27B1A5472435C96700B6CD29;
					};
				};
			};
			buildConfigurationList = 27B1A5432435C96700B6CD29 /* Build configuration list for PBXProject "DemoSwiftUI" */;
			compatibilityVersion = "Xcode 9.3";
			developmentRegion = en;
			hasScannedForEncodings = 0;
			knownRegions = (
				en,
				Base,
			);
			mainGroup = 27B1A53F2435C96700B6CD29;
			productRefGroup = 27B1A5492435C96700B6CD29 /* Products */;
			projectDirPath = "";
			projectRoot = "";
			targets = (
				27B1A5472435C96700B6CD29 /* DemoSwiftUI */,
				27B1A55D2435C96900B6CD29 /* DemoSwiftUITests */,
				27B1A5682435C96900B6CD29 /* DemoSwiftUIUITests */,
			);
		};
/* End PBXProject section */

/* Begin PBXResourcesBuildPhase section */
		27B1A5462435C96700B6CD29 /* Resources */ = {
			isa = PBXResourcesBuildPhase;
			buildActionMask = 2147483647;
			files = (
				27B1A59324361E6400B6CD29 /* rainbowlake.jpg in Resources */,
				27B1A59224361E6400B6CD29 /* stmarylake.jpg in Resources */,
				27B1A5582435C96900B6CD29 /* LaunchScreen.storyboard in Resources */,
				27B1A59924361E6400B6CD29 /* lakemcdonald.jpg in Resources */,
				27B1A5552435C96900B6CD29 /* Preview Assets.xcassets in Resources */,
				27B1A59524361E6400B6CD29 /* yukon_charleyrivers.jpg in Resources */,
				27B1A59424361E6400B6CD29 /* turtlerock.jpg in Resources */,
				27B1A59624361E6400B6CD29 /* twinlake.jpg in Resources */,
				27B1A59024361E6400B6CD29 /* chincoteague.jpg in Resources */,
				27B1A59A24361E6400B6CD29 /* chilkoottrail.jpg in Resources */,
				27B1A59124361E6400B6CD29 /* landmarkData.json in Resources */,
				27B1A59724361E6400B6CD29 /* umbagog.jpg in Resources */,
				27B1A59824361E6400B6CD29 /* hiddenlake.jpg in Resources */,
				27B1A59C24361E6400B6CD29 /* silversalmoncreek.jpg in Resources */,
				27B1A59B24361E6400B6CD29 /* icybay.jpg in Resources */,
				27B1A5522435C96900B6CD29 /* Assets.xcassets in Resources */,
			);
			runOnlyForDeploymentPostprocessing = 0;
		};
		27B1A55C2435C96900B6CD29 /* Resources */ = {
			isa = PBXResourcesBuildPhase;
			buildActionMask = 2147483647;
			files = (
			);
			runOnlyForDeploymentPostprocessing = 0;
		};
		27B1A5672435C96900B6CD29 /* Resources */ = {
			isa = PBXResourcesBuildPhase;
			buildActionMask = 2147483647;
			files = (
			);
			runOnlyForDeploymentPostprocessing = 0;
		};
/* End PBXResourcesBuildPhase section */

/* Begin PBXSourcesBuildPhase section */
		27B1A5442435C96700B6CD29 /* Sources */ = {
			isa = PBXSourcesBuildPhase;
			buildActionMask = 2147483647;
			files = (
				27B1A5A124361F9100B6CD29 /* Data.swift in Sources */,
				27B1A54C2435C96700B6CD29 /* AppDelegate.swift in Sources */,
				27B1A57C2435CC8D00B6CD29 /* CircleImage.swift in Sources */,
				27B1A5A324361FA900B6CD29 /* Landmark.swift in Sources */,
				27B1A5A52436232B00B6CD29 /* LandmarkList.swift in Sources */,
				27B1A59E24361F5100B6CD29 /* LandmarkRow.swift in Sources */,
				27B1A57E2435CD3900B6CD29 /* MapView.swift in Sources */,
				27B1A54E2435C96700B6CD29 /* SceneDelegate.swift in Sources */,
				27223ED124376C7D001F6DB6 /* UserData.swift in Sources */,
				27B1A5502435C96700B6CD29 /* LandmarkDetail.swift in Sources */,
			);
			runOnlyForDeploymentPostprocessing = 0;
		};
		27B1A55A2435C96900B6CD29 /* Sources */ = {
			isa = PBXSourcesBuildPhase;
			buildActionMask = 2147483647;
			files = (
				27B1A5632435C96900B6CD29 /* DemoSwiftUITests.swift in Sources */,
			);
			runOnlyForDeploymentPostprocessing = 0;
		};
		27B1A5652435C96900B6CD29 /* Sources */ = {
			isa = PBXSourcesBuildPhase;
			buildActionMask = 2147483647;
			files = (
				27B1A56E2435C96900B6CD29 /* DemoSwiftUIUITests.swift in Sources */,
			);
			runOnlyForDeploymentPostprocessing = 0;
		};
/* End PBXSourcesBuildPhase section */

/* Begin PBXTargetDependency section */
		27B1A5602435C96900B6CD29 /* PBXTargetDependency */ = {
			isa = PBXTargetDependency;
			target = 27B1A5472435C96700B6CD29 /* DemoSwiftUI */;
			targetProxy = 27B1A55F2435C96900B6CD29 /* PBXContainerItemProxy */;
		};
		27B1A56B2435C96900B6CD29 /* PBXTargetDependency */ = {
			isa = PBXTargetDependency;
			target = 27B1A5472435C96700B6CD29 /* DemoSwiftUI */;
			targetProxy = 27B1A56A2435C96900B6CD29 /* PBXContainerItemProxy */;
		};
/* End PBXTargetDependency section */

/* Begin PBXVariantGroup section */
		27B1A5562435C96900B6CD29 /* LaunchScreen.storyboard */ = {
			isa = PBXVariantGroup;
			children = (
				27B1A5572435C96900B6CD29 /* Base */,
			);
			name = LaunchScreen.storyboard;
			sourceTree = "<group>";
		};
/* End PBXVariantGroup section */

/* Begin XCBuildConfiguration section */
		27B1A5702435C96900B6CD29 /* Debug */ = {
			isa = XCBuildConfiguration;
			buildSettings = {
				ALWAYS_SEARCH_USER_PATHS = NO;
				CLANG_ANALYZER_NONNULL = YES;
				CLANG_ANALYZER_NUMBER_OBJECT_CONVERSION = YES_AGGRESSIVE;
				CLANG_CXX_LANGUAGE_STANDARD = "gnu++14";
				CLANG_CXX_LIBRARY = "libc++";
				CLANG_ENABLE_MODULES = YES;
				CLANG_ENABLE_OBJC_ARC = YES;
				CLANG_ENABLE_OBJC_WEAK = YES;
				CLANG_WARN_BLOCK_CAPTURE_AUTORELEASING = YES;
				CLANG_WARN_BOOL_CONVERSION = YES;
				CLANG_WARN_COMMA = YES;
				CLANG_WARN_CONSTANT_CONVERSION = YES;
				CLANG_WARN_DEPRECATED_OBJC_IMPLEMENTATIONS = YES;
				CLANG_WARN_DIRECT_OBJC_ISA_USAGE = YES_ERROR;
				CLANG_WARN_DOCUMENTATION_COMMENTS = YES;
				CLANG_WARN_EMPTY_BODY = YES;
				CLANG_WARN_ENUM_CONVERSION = YES;
				CLANG_WARN_INFINITE_RECURSION = YES;
				CLANG_WARN_INT_CONVERSION = YES;
				CLANG_WARN_NON_LITERAL_NULL_CONVERSION = YES;
				CLANG_WARN_OBJC_IMPLICIT_RETAIN_SELF = YES;
				CLANG_WARN_OBJC_LITERAL_CONVERSION = YES;
				CLANG_WARN_OBJC_ROOT_CLASS = YES_ERROR;
				CLANG_WARN_RANGE_LOOP_ANALYSIS = YES;
				CLANG_WARN_STRICT_PROTOTYPES = YES;
				CLANG_WARN_SUSPICIOUS_MOVE = YES;
				CLANG_WARN_UNGUARDED_AVAILABILITY = YES_AGGRESSIVE;
				CLANG_WARN_UNREACHABLE_CODE = YES;
				CLANG_WARN__DUPLICATE_METHOD_MATCH = YES;
				COPY_PHASE_STRIP = NO;
				DEBUG_INFORMATION_FORMAT = dwarf;
				ENABLE_STRICT_OBJC_MSGSEND = YES;
				ENABLE_TESTABILITY = YES;
				GCC_C_LANGUAGE_STANDARD = gnu11;
				GCC_DYNAMIC_NO_PIC = NO;
				GCC_NO_COMMON_BLOCKS = YES;
				GCC_OPTIMIZATION_LEVEL = 0;
				GCC_PREPROCESSOR_DEFINITIONS = (
					"DEBUG=1",
					"$(inherited)",
				);
				GCC_WARN_64_TO_32_BIT_CONVERSION = YES;
				GCC_WARN_ABOUT_RETURN_TYPE = YES_ERROR;
				GCC_WARN_UNDECLARED_SELECTOR = YES;
				GCC_WARN_UNINITIALIZED_AUTOS = YES_AGGRESSIVE;
				GCC_WARN_UNUSED_FUNCTION = YES;
				GCC_WARN_UNUSED_VARIABLE = YES;
				IPHONEOS_DEPLOYMENT_TARGET = 13.4;
				MTL_ENABLE_DEBUG_INFO = INCLUDE_SOURCE;
				MTL_FAST_MATH = YES;
				ONLY_ACTIVE_ARCH = YES;
				SDKROOT = iphoneos;
				SWIFT_ACTIVE_COMPILATION_CONDITIONS = DEBUG;
				SWIFT_OPTIMIZATION_LEVEL = "-Onone";
			};
			name = Debug;
		};
		27B1A5712435C96900B6CD29 /* Release */ = {
			isa = XCBuildConfiguration;
			buildSettings = {
				ALWAYS_SEARCH_USER_PATHS = NO;
				CLANG_ANALYZER_NONNULL = YES;
				CLANG_ANALYZER_NUMBER_OBJECT_CONVERSION = YES_AGGRESSIVE;
				CLANG_CXX_LANGUAGE_STANDARD = "gnu++14";
				CLANG_CXX_LIBRARY = "libc++";
				CLANG_ENABLE_MODULES = YES;
				CLANG_ENABLE_OBJC_ARC = YES;
				CLANG_ENABLE_OBJC_WEAK = YES;
				CLANG_WARN_BLOCK_CAPTURE_AUTORELEASING = YES;
				CLANG_WARN_BOOL_CONVERSION = YES;
				CLANG_WARN_COMMA = YES;
				CLANG_WARN_CONSTANT_CONVERSION = YES;
				CLANG_WARN_DEPRECATED_OBJC_IMPLEMENTATIONS = YES;
				CLANG_WARN_DIRECT_OBJC_ISA_USAGE = YES_ERROR;
				CLANG_WARN_DOCUMENTATION_COMMENTS = YES;
				CLANG_WARN_EMPTY_BODY = YES;
				CLANG_WARN_ENUM_CONVERSION = YES;
				CLANG_WARN_INFINITE_RECURSION = YES;
				CLANG_WARN_INT_CONVERSION = YES;
				CLANG_WARN_NON_LITERAL_NULL_CONVERSION = YES;
				CLANG_WARN_OBJC_IMPLICIT_RETAIN_SELF = YES;
				CLANG_WARN_OBJC_LITERAL_CONVERSION = YES;
				CLANG_WARN_OBJC_ROOT_CLASS = YES_ERROR;
				CLANG_WARN_RANGE_LOOP_ANALYSIS = YES;
				CLANG_WARN_STRICT_PROTOTYPES = YES;
				CLANG_WARN_SUSPICIOUS_MOVE = YES;
				CLANG_WARN_UNGUARDED_AVAILABILITY = YES_AGGRESSIVE;
				CLANG_WARN_UNREACHABLE_CODE = YES;
				CLANG_WARN__DUPLICATE_METHOD_MATCH = YES;
				COPY_PHASE_STRIP = NO;
				DEBUG_INFORMATION_FORMAT = "dwarf-with-dsym";
				ENABLE_NS_ASSERTIONS = NO;
				ENABLE_STRICT_OBJC_MSGSEND = YES;
				GCC_C_LANGUAGE_STANDARD = gnu11;
				GCC_NO_COMMON_BLOCKS = YES;
				GCC_WARN_64_TO_32_BIT_CONVERSION = YES;
				GCC_WARN_ABOUT_RETURN_TYPE = YES_ERROR;
				GCC_WARN_UNDECLARED_SELECTOR = YES;
				GCC_WARN_UNINITIALIZED_AUTOS = YES_AGGRESSIVE;
				GCC_WARN_UNUSED_FUNCTION = YES;
				GCC_WARN_UNUSED_VARIABLE = YES;
				IPHONEOS_DEPLOYMENT_TARGET = 13.4;
				MTL_ENABLE_DEBUG_INFO = NO;
				MTL_FAST_MATH = YES;
				SDKROOT = iphoneos;
				SWIFT_COMPILATION_MODE = wholemodule;
				SWIFT_OPTIMIZATION_LEVEL = "-O";
				VALIDATE_PRODUCT = YES;
			};
			name = Release;
		};
		27B1A5732435C96900B6CD29 /* Debug */ = {
			isa = XCBuildConfiguration;
			buildSettings = {
				ASSETCATALOG_COMPILER_APPICON_NAME = AppIcon;
				CODE_SIGN_STYLE = Automatic;
				DEVELOPMENT_ASSET_PATHS = "\"DemoSwiftUI/Preview Content\"";
				DEVELOPMENT_TEAM = 9YNS969KZE;
				ENABLE_PREVIEWS = YES;
				INFOPLIST_FILE = DemoSwiftUI/Info.plist;
				LD_RUNPATH_SEARCH_PATHS = (
					"$(inherited)",
					"@executable_path/Frameworks",
				);
				PRODUCT_BUNDLE_IDENTIFIER = com.locnguyen.DemoSwiftUI;
				PRODUCT_NAME = "$(TARGET_NAME)";
				SWIFT_VERSION = 5.0;
				TARGETED_DEVICE_FAMILY = "1,2";
			};
			name = Debug;
		};
		27B1A5742435C96900B6CD29 /* Release */ = {
			isa = XCBuildConfiguration;
			buildSettings = {
				ASSETCATALOG_COMPILER_APPICON_NAME = AppIcon;
				CODE_SIGN_STYLE = Automatic;
				DEVELOPMENT_ASSET_PATHS = "\"DemoSwiftUI/Preview Content\"";
				DEVELOPMENT_TEAM = 9YNS969KZE;
				ENABLE_PREVIEWS = YES;
				INFOPLIST_FILE = DemoSwiftUI/Info.plist;
				LD_RUNPATH_SEARCH_PATHS = (
					"$(inherited)",
					"@executable_path/Frameworks",
				);
				PRODUCT_BUNDLE_IDENTIFIER = com.locnguyen.DemoSwiftUI;
				PRODUCT_NAME = "$(TARGET_NAME)";
				SWIFT_VERSION = 5.0;
				TARGETED_DEVICE_FAMILY = "1,2";
			};
			name = Release;
		};
		27B1A5762435C96900B6CD29 /* Debug */ = {
			isa = XCBuildConfiguration;
			buildSettings = {
				ALWAYS_EMBED_SWIFT_STANDARD_LIBRARIES = YES;
				BUNDLE_LOADER = "$(TEST_HOST)";
				CODE_SIGN_STYLE = Automatic;
				DEVELOPMENT_TEAM = 9YNS969KZE;
				INFOPLIST_FILE = DemoSwiftUITests/Info.plist;
				IPHONEOS_DEPLOYMENT_TARGET = 13.4;
				LD_RUNPATH_SEARCH_PATHS = (
					"$(inherited)",
					"@executable_path/Frameworks",
					"@loader_path/Frameworks",
				);
				PRODUCT_BUNDLE_IDENTIFIER = com.locnguyen.DemoSwiftUITests;
				PRODUCT_NAME = "$(TARGET_NAME)";
				SWIFT_VERSION = 5.0;
				TARGETED_DEVICE_FAMILY = "1,2";
				TEST_HOST = "$(BUILT_PRODUCTS_DIR)/DemoSwiftUI.app/DemoSwiftUI";
			};
			name = Debug;
		};
		27B1A5772435C96900B6CD29 /* Release */ = {
			isa = XCBuildConfiguration;
			buildSettings = {
				ALWAYS_EMBED_SWIFT_STANDARD_LIBRARIES = YES;
				BUNDLE_LOADER = "$(TEST_HOST)";
				CODE_SIGN_STYLE = Automatic;
				DEVELOPMENT_TEAM = 9YNS969KZE;
				INFOPLIST_FILE = DemoSwiftUITests/Info.plist;
				IPHONEOS_DEPLOYMENT_TARGET = 13.4;
				LD_RUNPATH_SEARCH_PATHS = (
					"$(inherited)",
					"@executable_path/Frameworks",
					"@loader_path/Frameworks",
				);
				PRODUCT_BUNDLE_IDENTIFIER = com.locnguyen.DemoSwiftUITests;
				PRODUCT_NAME = "$(TARGET_NAME)";
				SWIFT_VERSION = 5.0;
				TARGETED_DEVICE_FAMILY = "1,2";
				TEST_HOST = "$(BUILT_PRODUCTS_DIR)/DemoSwiftUI.app/DemoSwiftUI";
			};
			name = Release;
		};
		27B1A5792435C96900B6CD29 /* Debug */ = {
			isa = XCBuildConfiguration;
			buildSettings = {
				ALWAYS_EMBED_SWIFT_STANDARD_LIBRARIES = YES;
				CODE_SIGN_STYLE = Automatic;
				DEVELOPMENT_TEAM = 9YNS969KZE;
				INFOPLIST_FILE = DemoSwiftUIUITests/Info.plist;
				LD_RUNPATH_SEARCH_PATHS = (
					"$(inherited)",
					"@executable_path/Frameworks",
					"@loader_path/Frameworks",
				);
				PRODUCT_BUNDLE_IDENTIFIER = com.locnguyen.DemoSwiftUIUITests;
				PRODUCT_NAME = "$(TARGET_NAME)";
				SWIFT_VERSION = 5.0;
				TARGETED_DEVICE_FAMILY = "1,2";
				TEST_TARGET_NAME = DemoSwiftUI;
			};
			name = Debug;
		};
		27B1A57A2435C96900B6CD29 /* Release */ = {
			isa = XCBuildConfiguration;
			buildSettings = {
				ALWAYS_EMBED_SWIFT_STANDARD_LIBRARIES = YES;
				CODE_SIGN_STYLE = Automatic;
				DEVELOPMENT_TEAM = 9YNS969KZE;
				INFOPLIST_FILE = DemoSwiftUIUITests/Info.plist;
				LD_RUNPATH_SEARCH_PATHS = (
					"$(inherited)",
					"@executable_path/Frameworks",
					"@loader_path/Frameworks",
				);
				PRODUCT_BUNDLE_IDENTIFIER = com.locnguyen.DemoSwiftUIUITests;
				PRODUCT_NAME = "$(TARGET_NAME)";
				SWIFT_VERSION = 5.0;
				TARGETED_DEVICE_FAMILY = "1,2";
				TEST_TARGET_NAME = DemoSwiftUI;
			};
			name = Release;
		};
/* End XCBuildConfiguration section */

/* Begin XCConfigurationList section */
		27B1A5432435C96700B6CD29 /* Build configuration list for PBXProject "DemoSwiftUI" */ = {
			isa = XCConfigurationList;
			buildConfigurations = (
				27B1A5702435C96900B6CD29 /* Debug */,
				27B1A5712435C96900B6CD29 /* Release */,
			);
			defaultConfigurationIsVisible = 0;
			defaultConfigurationName = Release;
		};
		27B1A5722435C96900B6CD29 /* Build configuration list for PBXNativeTarget "DemoSwiftUI" */ = {
			isa = XCConfigurationList;
			buildConfigurations = (
				27B1A5732435C96900B6CD29 /* Debug */,
				27B1A5742435C96900B6CD29 /* Release */,
			);
			defaultConfigurationIsVisible = 0;
			defaultConfigurationName = Release;
		};
		27B1A5752435C96900B6CD29 /* Build configuration list for PBXNativeTarget "DemoSwiftUITests" */ = {
			isa = XCConfigurationList;
			buildConfigurations = (
				27B1A5762435C96900B6CD29 /* Debug */,
				27B1A5772435C96900B6CD29 /* Release */,
			);
			defaultConfigurationIsVisible = 0;
			defaultConfigurationName = Release;
		};
		27B1A5782435C96900B6CD29 /* Build configuration list for PBXNativeTarget "DemoSwiftUIUITests" */ = {
			isa = XCConfigurationList;
			buildConfigurations = (
				27B1A5792435C96900B6CD29 /* Debug */,
				27B1A57A2435C96900B6CD29 /* Release */,
			);
			defaultConfigurationIsVisible = 0;
			defaultConfigurationName = Release;
		};
/* End XCConfigurationList section */
	};
	rootObject = 27B1A5402435C96700B6CD29 /* Project object */;
}
